
Microsoft Visual Studio Solution File, Format Version 12.00
# Visual Studio Version 16
VisualStudioVersion = 16.0.32630.194
MinimumVisualStudioVersion = 10.0.40219.1
Project("{FAE04EC0-301F-11D3-BF4B-00C04F79EFBC}") = "EmployeeService", "EmployeeService\EmployeeService.csproj", "{D6B72E1A-175E-418A-A0E6-48B448B44C5A}"
EndProject
Global
	GlobalSection(SolutionConfigurationPlatforms) = preSolution
		Debug|Any CPU = Debug|Any CPU
		Release|Any CPU = Release|Any CPU
	EndGlobalSection
	GlobalSection(ProjectConfigurationPlatforms) = postSolution
		{D6B72E1A-175E-418A-A0E6-48B448B44C5A}.Debug|Any CPU.ActiveCfg = Debug|Any CPU
		{D6B72E1A-175E-418A-A0E6-48B448B44C5A}.Debug|Any CPU.Build.0 = Debug|Any CPU
		{D6B72E1A-175E-418A-A0E6-48B448B44C5A}.Release|Any CPU.ActiveCfg = Release|Any CPU
		{D6B72E1A-175E-418A-A0E6-48B448B44C5A}.Release|Any CPU.Build.0 = Release|Any CPU
	EndGlobalSection
	GlobalSection(SolutionProperties) = preSolution
		HideSolutionNode = FALSE
	EndGlobalSection
	GlobalSection(ExtensibilityGlobals) = postSolution
		SolutionGuid = {439899D0-D199-4354-BE1F-9E660C038B8A}
	EndGlobalSection
EndGlobal
